
Microsoft Visual Studio Solution File, Format Version 12.00
# Visual Studio Version 16
VisualStudioVersion = 16.0.31025.194
MinimumVisualStudioVersion = 10.0.40219.1
Project("{FAE04EC0-301F-11D3-BF4B-00C04F79EFBC}") = "Client", "Client.csproj", "{CFECCF98-5B9C-4694-A903-33281BD6BAF3}"
EndProject
Project("{FAE04EC0-301F-11D3-BF4B-00C04F79EFBC}") = "Shared", "..\Shared\Shared.csproj", "{04F4B084-F4AA-415B-BCE1-6680C367C75E}"
EndProject
Global
	GlobalSection(SolutionConfigurationPlatforms) = preSolution
		Debug|Any CPU = Debug|Any CPU
		Release|Any CPU = Release|Any CPU
	EndGlobalSection
	GlobalSection(ProjectConfigurationPlatforms) = postSolution
		{CFECCF98-5B9C-4694-A903-33281BD6BAF3}.Debug|Any CPU.ActiveCfg = Debug|Any CPU
		{CFECCF98-5B9C-4694-A903-33281BD6BAF3}.Debug|Any CPU.Build.0 = Debug|Any CPU
		{CFECCF98-5B9C-4694-A903-33281BD6BAF3}.Release|Any CPU.ActiveCfg = Release|Any CPU
		{CFECCF98-5B9C-4694-A903-33281BD6BAF3}.Release|Any CPU.Build.0 = Release|Any CPU
		{04F4B084-F4AA-415B-BCE1-6680C367C75E}.Debug|Any CPU.ActiveCfg = Debug|Any CPU
		{04F4B084-F4AA-415B-BCE1-6680C367C75E}.Debug|Any CPU.Build.0 = Debug|Any CPU
		{04F4B084-F4AA-415B-BCE1-6680C367C75E}.Release|Any CPU.ActiveCfg = Release|Any CPU
		{04F4B084-F4AA-415B-BCE1-6680C367C75E}.Release|Any CPU.Build.0 = Release|Any CPU
	EndGlobalSection
	GlobalSection(SolutionProperties) = preSolution
		HideSolutionNode = FALSE
	EndGlobalSection
	GlobalSection(ExtensibilityGlobals) = postSolution
		SolutionGuid = {4F7D1F51-8299-483B-9EED-987865A77FF8}
	EndGlobalSection
EndGlobal
