
Microsoft Visual Studio Solution File, Format Version 12.00
# Visual Studio Version 16
VisualStudioVersion = 16.0.31112.23
MinimumVisualStudioVersion = 10.0.40219.1
Project("{9A19103F-16F7-4668-BE54-9A1E7A4F7556}") = "Common", "Common\Common.csproj", "{D0307A88-0E4B-43FA-95DB-488D3B84517F}"
EndProject
Project("{9A19103F-16F7-4668-BE54-9A1E7A4F7556}") = "SocketClient", "SocketClient\SocketClient.csproj", "{FAC1D77D-C747-44CF-88E2-2522CF835226}"
EndProject
Project("{888888A0-9F3D-457C-B088-3A5042F75D52}") = "Engine", "Engine\Engine.pyproj", "{2DC15B42-E1E9-49AD-8337-FF847D1D9A8F}"
EndProject
Project("{888888A0-9F3D-457C-B088-3A5042F75D52}") = "SocketServer", "SocketServer\SocketServer.pyproj", "{7863E2B3-AA05-4A83-BD5F-3F17A31CB483}"
EndProject
Project("{9A19103F-16F7-4668-BE54-9A1E7A4F7556}") = "Game", "Game\Game.csproj", "{466BEF0F-D63A-4A73-AC15-23028A907A5E}"
EndProject
Global
	GlobalSection(SolutionConfigurationPlatforms) = preSolution
		Debug|Any CPU = Debug|Any CPU
		ExportDebug|Any CPU = ExportDebug|Any CPU
		ExportRelease|Any CPU = ExportRelease|Any CPU
		Release|Any CPU = Release|Any CPU
	EndGlobalSection
	GlobalSection(ProjectConfigurationPlatforms) = postSolution
		{D0307A88-0E4B-43FA-95DB-488D3B84517F}.Debug|Any CPU.ActiveCfg = Debug|Any CPU
		{D0307A88-0E4B-43FA-95DB-488D3B84517F}.Debug|Any CPU.Build.0 = Debug|Any CPU
		{D0307A88-0E4B-43FA-95DB-488D3B84517F}.ExportDebug|Any CPU.ActiveCfg = Debug|Any CPU
		{D0307A88-0E4B-43FA-95DB-488D3B84517F}.ExportDebug|Any CPU.Build.0 = Debug|Any CPU
		{D0307A88-0E4B-43FA-95DB-488D3B84517F}.ExportRelease|Any CPU.ActiveCfg = Release|Any CPU
		{D0307A88-0E4B-43FA-95DB-488D3B84517F}.ExportRelease|Any CPU.Build.0 = Release|Any CPU
		{D0307A88-0E4B-43FA-95DB-488D3B84517F}.Release|Any CPU.ActiveCfg = Release|Any CPU
		{D0307A88-0E4B-43FA-95DB-488D3B84517F}.Release|Any CPU.Build.0 = Release|Any CPU
		{FAC1D77D-C747-44CF-88E2-2522CF835226}.Debug|Any CPU.ActiveCfg = Debug|Any CPU
		{FAC1D77D-C747-44CF-88E2-2522CF835226}.Debug|Any CPU.Build.0 = Debug|Any CPU
		{FAC1D77D-C747-44CF-88E2-2522CF835226}.ExportDebug|Any CPU.ActiveCfg = Debug|Any CPU
		{FAC1D77D-C747-44CF-88E2-2522CF835226}.ExportDebug|Any CPU.Build.0 = Debug|Any CPU
		{FAC1D77D-C747-44CF-88E2-2522CF835226}.ExportRelease|Any CPU.ActiveCfg = Release|Any CPU
		{FAC1D77D-C747-44CF-88E2-2522CF835226}.ExportRelease|Any CPU.Build.0 = Release|Any CPU
		{FAC1D77D-C747-44CF-88E2-2522CF835226}.Release|Any CPU.ActiveCfg = Release|Any CPU
		{FAC1D77D-C747-44CF-88E2-2522CF835226}.Release|Any CPU.Build.0 = Release|Any CPU
		{2DC15B42-E1E9-49AD-8337-FF847D1D9A8F}.Debug|Any CPU.ActiveCfg = Debug|Any CPU
		{2DC15B42-E1E9-49AD-8337-FF847D1D9A8F}.ExportDebug|Any CPU.ActiveCfg = Debug|Any CPU
		{2DC15B42-E1E9-49AD-8337-FF847D1D9A8F}.ExportRelease|Any CPU.ActiveCfg = Release|Any CPU
		{2DC15B42-E1E9-49AD-8337-FF847D1D9A8F}.Release|Any CPU.ActiveCfg = Release|Any CPU
		{7863E2B3-AA05-4A83-BD5F-3F17A31CB483}.Debug|Any CPU.ActiveCfg = Debug|Any CPU
		{7863E2B3-AA05-4A83-BD5F-3F17A31CB483}.ExportDebug|Any CPU.ActiveCfg = Debug|Any CPU
		{7863E2B3-AA05-4A83-BD5F-3F17A31CB483}.ExportRelease|Any CPU.ActiveCfg = Release|Any CPU
		{7863E2B3-AA05-4A83-BD5F-3F17A31CB483}.Release|Any CPU.ActiveCfg = Release|Any CPU
		{466BEF0F-D63A-4A73-AC15-23028A907A5E}.Debug|Any CPU.ActiveCfg = Debug|Any CPU
		{466BEF0F-D63A-4A73-AC15-23028A907A5E}.Debug|Any CPU.Build.0 = Debug|Any CPU
		{466BEF0F-D63A-4A73-AC15-23028A907A5E}.ExportDebug|Any CPU.ActiveCfg = ExportDebug|Any CPU
		{466BEF0F-D63A-4A73-AC15-23028A907A5E}.ExportDebug|Any CPU.Build.0 = ExportDebug|Any CPU
		{466BEF0F-D63A-4A73-AC15-23028A907A5E}.ExportRelease|Any CPU.ActiveCfg = ExportRelease|Any CPU
		{466BEF0F-D63A-4A73-AC15-23028A907A5E}.ExportRelease|Any CPU.Build.0 = ExportRelease|Any CPU
		{466BEF0F-D63A-4A73-AC15-23028A907A5E}.Release|Any CPU.ActiveCfg = ExportRelease|Any CPU
		{466BEF0F-D63A-4A73-AC15-23028A907A5E}.Release|Any CPU.Build.0 = ExportRelease|Any CPU
	EndGlobalSection
	GlobalSection(SolutionProperties) = preSolution
		HideSolutionNode = FALSE
	EndGlobalSection
	GlobalSection(ExtensibilityGlobals) = postSolution
		SolutionGuid = {D0EEF7E6-9776-4A99-8974-B44B3E37DCF1}
	EndGlobalSection
EndGlobal
